{
  "version": 4,
  "terraform_version": "0.14.6",
  "serial": 2,
  "lineage": "c01073b2-0200-8444-4c12-0e638dcd0590",
  "outputs": {
    "URL": {
      "value": "http://34.72.158.248",
      "type": "string"
    }
  },
  "resources": [
    {
      "mode": "managed",
      "type": "google_compute_instance",
      "name": "zabbix-client",
      "provider": "provider[\"registry.terraform.io/hashicorp/google\"]",
      "instances": [
        {
          "schema_version": 6,
          "attributes": {
            "allow_stopping_for_update": null,
            "attached_disk": [],
            "boot_disk": [
              {
                "auto_delete": true,
                "device_name": "persistent-disk-0",
                "disk_encryption_key_raw": "",
                "disk_encryption_key_sha256": "",
                "initialize_params": [
                  {
                    "image": "https://www.googleapis.com/compute/v1/projects/centos-cloud/global/images/centos-7-v20210316",
                    "labels": {},
                    "size": 30,
                    "type": "pd-ssd"
                  }
                ],
                "kms_key_self_link": "",
                "mode": "READ_WRITE",
                "source": "https://www.googleapis.com/compute/v1/projects/my-12345-project/zones/us-central1-c/disks/zabbix-client"
              }
            ],
            "can_ip_forward": false,
            "confidential_instance_config": [],
            "cpu_platform": "Intel Haswell",
            "current_status": "RUNNING",
            "deletion_protection": false,
            "description": "",
            "desired_status": null,
            "enable_display": false,
            "guest_accelerator": [],
            "hostname": "",
            "id": "projects/my-12345-project/zones/us-central1-c/instances/zabbix-client",
            "instance_id": "6977934103727839703",
            "label_fingerprint": "42WmSpB8rSM=",
            "labels": null,
            "machine_type": "e2-small",
            "metadata": {
              "ssh-keys": "redhawkby:ssh-rsa AAAAB3NzaC1yc2EAAAADAQABAAABgQC/B+C0g+PPxgCuSxxc4V8jbOEoMwekeiWLgK2HUCRHYGnaOZASZ6kNHMNIZ2WfHJsO5ugUrN0YTGQsJujs/2Ehk/PT52FEEJ8lPQfuR5LoU+SQvs6Ki5AFTF3S5IOfocxG9x9mdwtxeRcJm9sJyINqGefjzdhRcO85h1F2w7tViZGl6gNI1W8dqsYRYL3XOsVFL/k6r6EWW8EHki7AoOBhqZyiiUCxV0npqP4bJUHHeaVWteoKmDor/51kTFBZkbL4u8XDM7PDC8bKOOL60TnD4dPNaSm1xQYQWpNUg6jRJ6HcUWIe9s/Yra3Lwa9Wo97aJMdnEk367la3UpszvyPyayX/nTkuFYy6wnRoxHLl0SKpsltB0DJy9Yyl0Y3uZ3fnB0LnvaPgNQ3H6DB5tbUHewCF2Z+4V9YTeGIpTkuqJ2A3iD7nVv841d+avEPgKzwTUm4gDO1HVezY5Ps6FHOveRyRZFaRRuJH2ahToNnc+VZSasUQR1GZ1RUXwOK1CK0= user@us-vb\n"
            },
            "metadata_fingerprint": "Mhg9kiDMyf8=",
            "metadata_startup_script": "",
            "min_cpu_platform": "",
            "name": "zabbix-client",
            "network_interface": [
              {
                "access_config": [
                  {
                    "nat_ip": "35.192.152.62",
                    "network_tier": "PREMIUM",
                    "public_ptr_domain_name": ""
                  }
                ],
                "alias_ip_range": [],
                "name": "nic0",
                "network": "https://www.googleapis.com/compute/v1/projects/my-12345-project/global/networks/default",
                "network_ip": "10.128.15.192",
                "nic_type": "",
                "subnetwork": "https://www.googleapis.com/compute/v1/projects/my-12345-project/regions/us-central1/subnetworks/default",
                "subnetwork_project": "my-12345-project"
              }
            ],
            "project": "my-12345-project",
            "resource_policies": null,
            "scheduling": [
              {
                "automatic_restart": true,
                "min_node_cpus": 0,
                "node_affinities": [],
                "on_host_maintenance": "MIGRATE",
                "preemptible": false
              }
            ],
            "scratch_disk": [],
            "self_link": "https://www.googleapis.com/compute/v1/projects/my-12345-project/zones/us-central1-c/instances/zabbix-client",
            "service_account": [],
            "shielded_instance_config": [
              {
                "enable_integrity_monitoring": true,
                "enable_secure_boot": false,
                "enable_vtpm": true
              }
            ],
            "tags": null,
            "tags_fingerprint": "42WmSpB8rSM=",
            "timeouts": null,
            "zone": "us-central1-c"
          },
          "sensitive_attributes": [],
          "private": "eyJlMmJmYjczMC1lY2FhLTExZTYtOGY4OC0zNDM2M2JjN2M0YzAiOnsiY3JlYXRlIjoxMjAwMDAwMDAwMDAwLCJkZWxldGUiOjEyMDAwMDAwMDAwMDAsInVwZGF0ZSI6MTIwMDAwMDAwMDAwMH0sInNjaGVtYV92ZXJzaW9uIjoiNiJ9"
        }
      ]
    },
    {
      "mode": "managed",
      "type": "google_compute_instance",
      "name": "zabbix-server",
      "provider": "provider[\"registry.terraform.io/hashicorp/google\"]",
      "instances": [
        {
          "schema_version": 6,
          "attributes": {
            "allow_stopping_for_update": null,
            "attached_disk": [],
            "boot_disk": [
              {
                "auto_delete": true,
                "device_name": "persistent-disk-0",
                "disk_encryption_key_raw": "",
                "disk_encryption_key_sha256": "",
                "initialize_params": [
                  {
                    "image": "https://www.googleapis.com/compute/v1/projects/centos-cloud/global/images/centos-7-v20210316",
                    "labels": {},
                    "size": 30,
                    "type": "pd-ssd"
                  }
                ],
                "kms_key_self_link": "",
                "mode": "READ_WRITE",
                "source": "https://www.googleapis.com/compute/v1/projects/my-12345-project/zones/us-central1-c/disks/zabbix-server"
              }
            ],
            "can_ip_forward": false,
            "confidential_instance_config": [],
            "cpu_platform": "Intel Haswell",
            "current_status": "RUNNING",
            "deletion_protection": false,
            "description": "",
            "desired_status": null,
            "enable_display": false,
            "guest_accelerator": [],
            "hostname": "",
            "id": "projects/my-12345-project/zones/us-central1-c/instances/zabbix-server",
            "instance_id": "6285945512915376599",
            "label_fingerprint": "42WmSpB8rSM=",
            "labels": null,
            "machine_type": "e2-small",
            "metadata": {
              "ssh-keys": "redhawkby:ssh-rsa AAAAB3NzaC1yc2EAAAADAQABAAABgQC/B+C0g+PPxgCuSxxc4V8jbOEoMwekeiWLgK2HUCRHYGnaOZASZ6kNHMNIZ2WfHJsO5ugUrN0YTGQsJujs/2Ehk/PT52FEEJ8lPQfuR5LoU+SQvs6Ki5AFTF3S5IOfocxG9x9mdwtxeRcJm9sJyINqGefjzdhRcO85h1F2w7tViZGl6gNI1W8dqsYRYL3XOsVFL/k6r6EWW8EHki7AoOBhqZyiiUCxV0npqP4bJUHHeaVWteoKmDor/51kTFBZkbL4u8XDM7PDC8bKOOL60TnD4dPNaSm1xQYQWpNUg6jRJ6HcUWIe9s/Yra3Lwa9Wo97aJMdnEk367la3UpszvyPyayX/nTkuFYy6wnRoxHLl0SKpsltB0DJy9Yyl0Y3uZ3fnB0LnvaPgNQ3H6DB5tbUHewCF2Z+4V9YTeGIpTkuqJ2A3iD7nVv841d+avEPgKzwTUm4gDO1HVezY5Ps6FHOveRyRZFaRRuJH2ahToNnc+VZSasUQR1GZ1RUXwOK1CK0= user@us-vb\n"
            },
            "metadata_fingerprint": "Mhg9kiDMyf8=",
            "metadata_startup_script": "",
            "min_cpu_platform": "",
            "name": "zabbix-server",
            "network_interface": [
              {
                "access_config": [
                  {
                    "nat_ip": "34.72.158.248",
                    "network_tier": "PREMIUM",
                    "public_ptr_domain_name": ""
                  }
                ],
                "alias_ip_range": [],
                "name": "nic0",
                "network": "https://www.googleapis.com/compute/v1/projects/my-12345-project/global/networks/default",
                "network_ip": "10.128.0.63",
                "nic_type": "",
                "subnetwork": "https://www.googleapis.com/compute/v1/projects/my-12345-project/regions/us-central1/subnetworks/default",
                "subnetwork_project": "my-12345-project"
              }
            ],
            "project": "my-12345-project",
            "resource_policies": null,
            "scheduling": [
              {
                "automatic_restart": true,
                "min_node_cpus": 0,
                "node_affinities": [],
                "on_host_maintenance": "MIGRATE",
                "preemptible": false
              }
            ],
            "scratch_disk": [],
            "self_link": "https://www.googleapis.com/compute/v1/projects/my-12345-project/zones/us-central1-c/instances/zabbix-server",
            "service_account": [],
            "shielded_instance_config": [
              {
                "enable_integrity_monitoring": true,
                "enable_secure_boot": false,
                "enable_vtpm": true
              }
            ],
            "tags": [
              "http-server"
            ],
            "tags_fingerprint": "FYLDgkTKlA4=",
            "timeouts": null,
            "zone": "us-central1-c"
          },
          "sensitive_attributes": [],
          "private": "eyJlMmJmYjczMC1lY2FhLTExZTYtOGY4OC0zNDM2M2JjN2M0YzAiOnsiY3JlYXRlIjoxMjAwMDAwMDAwMDAwLCJkZWxldGUiOjEyMDAwMDAwMDAwMDAsInVwZGF0ZSI6MTIwMDAwMDAwMDAwMH0sInNjaGVtYV92ZXJzaW9uIjoiNiJ9"
        }
      ]
    }
  ]
}
