{
  "version": 4,
  "terraform_version": "0.14.6",
  "serial": 8,
  "lineage": "27bec8e4-8312-2ae5-9214-c9decae3772e",
  "outputs": {
    "Grafana_url": {
      "value": "http://34.121.140.29:3000",
      "type": "string"
    }
  },
  "resources": [
    {
      "mode": "managed",
      "type": "google_compute_address",
      "name": "internal_server_address",
      "provider": "provider[\"registry.terraform.io/hashicorp/google\"]",
      "instances": [
        {
          "schema_version": 0,
          "attributes": {
            "address": "10.1.1.2",
            "address_type": "INTERNAL",
            "creation_timestamp": "2021-04-04T01:10:34.867-07:00",
            "description": "",
            "id": "projects/my-12345-project/regions/us-central1/addresses/prometheus-server-address",
            "name": "prometheus-server-address",
            "network_tier": "PREMIUM",
            "project": "my-12345-project",
            "purpose": "GCE_ENDPOINT",
            "region": "us-central1",
            "self_link": "https://www.googleapis.com/compute/v1/projects/my-12345-project/regions/us-central1/addresses/prometheus-server-address",
            "subnetwork": "https://www.googleapis.com/compute/v1/projects/my-12345-project/regions/us-central1/subnetworks/public-subnet",
            "timeouts": null,
            "users": []
          },
          "sensitive_attributes": [],
          "private": "eyJlMmJmYjczMC1lY2FhLTExZTYtOGY4OC0zNDM2M2JjN2M0YzAiOnsiY3JlYXRlIjoyNDAwMDAwMDAwMDAsImRlbGV0ZSI6MjQwMDAwMDAwMDAwfX0=",
          "dependencies": [
            "google_compute_network.vpc",
            "google_compute_subnetwork.public"
          ]
        }
      ]
    },
    {
      "mode": "managed",
      "type": "google_compute_firewall",
      "name": "external",
      "provider": "provider[\"registry.terraform.io/hashicorp/google\"]",
      "instances": [
        {
          "schema_version": 1,
          "attributes": {
            "allow": [
              {
                "ports": [
                  "80",
                  "22",
                  "3000",
                  "9093",
                  "9090",
                  "9100",
                  "9115"
                ],
                "protocol": "tcp"
              }
            ],
            "creation_timestamp": "2021-04-04T01:10:22.634-07:00",
            "deny": [],
            "description": "rules for external connections, allows http and ssh",
            "destination_ranges": [],
            "direction": "INGRESS",
            "disabled": false,
            "enable_logging": null,
            "id": "projects/my-12345-project/global/firewalls/prometheus-external-fwr",
            "log_config": [],
            "name": "prometheus-external-fwr",
            "network": "https://www.googleapis.com/compute/v1/projects/my-12345-project/global/networks/prometheus-vpc",
            "priority": 1000,
            "project": "my-12345-project",
            "self_link": "https://www.googleapis.com/compute/v1/projects/my-12345-project/global/firewalls/prometheus-external-fwr",
            "source_ranges": [
              "0.0.0.0/0"
            ],
            "source_service_accounts": null,
            "source_tags": null,
            "target_service_accounts": null,
            "target_tags": null,
            "timeouts": null
          },
          "sensitive_attributes": [],
          "private": "eyJlMmJmYjczMC1lY2FhLTExZTYtOGY4OC0zNDM2M2JjN2M0YzAiOnsiY3JlYXRlIjoyNDAwMDAwMDAwMDAsImRlbGV0ZSI6MjQwMDAwMDAwMDAwLCJ1cGRhdGUiOjI0MDAwMDAwMDAwMH0sInNjaGVtYV92ZXJzaW9uIjoiMSJ9",
          "dependencies": [
            "google_compute_network.vpc"
          ]
        }
      ]
    },
    {
      "mode": "managed",
      "type": "google_compute_firewall",
      "name": "internal_all",
      "provider": "provider[\"registry.terraform.io/hashicorp/google\"]",
      "instances": [
        {
          "schema_version": 1,
          "attributes": {
            "allow": [
              {
                "ports": [
                  "0-65535"
                ],
                "protocol": "tcp"
              },
              {
                "ports": [
                  "0-65535"
                ],
                "protocol": "udp"
              },
              {
                "ports": [],
                "protocol": "icmp"
              }
            ],
            "creation_timestamp": "2021-04-04T01:10:22.647-07:00",
            "deny": [],
            "description": "",
            "destination_ranges": [],
            "direction": "INGRESS",
            "disabled": false,
            "enable_logging": null,
            "id": "projects/my-12345-project/global/firewalls/prometheus-internal-fwr",
            "log_config": [],
            "name": "prometheus-internal-fwr",
            "network": "https://www.googleapis.com/compute/v1/projects/my-12345-project/global/networks/prometheus-vpc",
            "priority": 1000,
            "project": "my-12345-project",
            "self_link": "https://www.googleapis.com/compute/v1/projects/my-12345-project/global/firewalls/prometheus-internal-fwr",
            "source_ranges": [
              "10.1.1.0/24"
            ],
            "source_service_accounts": null,
            "source_tags": null,
            "target_service_accounts": null,
            "target_tags": null,
            "timeouts": null
          },
          "sensitive_attributes": [],
          "private": "eyJlMmJmYjczMC1lY2FhLTExZTYtOGY4OC0zNDM2M2JjN2M0YzAiOnsiY3JlYXRlIjoyNDAwMDAwMDAwMDAsImRlbGV0ZSI6MjQwMDAwMDAwMDAwLCJ1cGRhdGUiOjI0MDAwMDAwMDAwMH0sInNjaGVtYV92ZXJzaW9uIjoiMSJ9",
          "dependencies": [
            "google_compute_network.vpc"
          ]
        }
      ]
    },
    {
      "mode": "managed",
      "type": "google_compute_instance",
      "name": "agent",
      "provider": "provider[\"registry.terraform.io/hashicorp/google\"]",
      "instances": [
        {
          "schema_version": 6,
          "attributes": {
            "allow_stopping_for_update": null,
            "attached_disk": [],
            "boot_disk": [
              {
                "auto_delete": true,
                "device_name": "persistent-disk-0",
                "disk_encryption_key_raw": "",
                "disk_encryption_key_sha256": "",
                "initialize_params": [
                  {
                    "image": "https://www.googleapis.com/compute/v1/projects/centos-cloud/global/images/centos-7-v20210401",
                    "labels": {},
                    "size": 35,
                    "type": "pd-ssd"
                  }
                ],
                "kms_key_self_link": "",
                "mode": "READ_WRITE",
                "source": "https://www.googleapis.com/compute/v1/projects/my-12345-project/zones/us-central1-c/disks/prometheus-agent"
              }
            ],
            "can_ip_forward": false,
            "confidential_instance_config": [],
            "cpu_platform": "Intel Haswell",
            "current_status": "RUNNING",
            "deletion_protection": false,
            "description": "Centos 7 with installed tomcat",
            "desired_status": null,
            "enable_display": false,
            "guest_accelerator": [],
            "hostname": "",
            "id": "projects/my-12345-project/zones/us-central1-c/instances/prometheus-agent",
            "instance_id": "2041464230334745236",
            "label_fingerprint": "42WmSpB8rSM=",
            "labels": null,
            "machine_type": "n1-standard-1",
            "metadata": null,
            "metadata_fingerprint": "Bq27NKFz5IE=",
            "metadata_startup_script": "#!/bin/bash\n\nsudo yum install -y wget\n#download node exporter\nwget https://github.com/prometheus/node_exporter/releases/download/v1.0.1/node_exporter-1.0.1.linux-amd64.tar.gz\ntar -xvzf node_exporter-1.0.1.linux-amd64.tar.gz \nsudo mv node_exporter-1.0.1.linux-amd64 /etc/node_exporter\n\n#create service node-exporter\nsudo tee /etc/systemd/system/node_exporter.service \u003c\u003cEOF\n[Unit]\nDescription=Node Exporter\n[Service]\nExecStart=/etc/node_exporter/node_exporter \n[Install]\nWantedBy=default.target\nEOF\n\n#enable and start service\nsudo systemctl daemon-reload\nsudo systemctl enable node_exporter.service\nsudo systemctl start node_exporter.service",
            "min_cpu_platform": "",
            "name": "prometheus-agent",
            "network_interface": [
              {
                "access_config": [
                  {
                    "nat_ip": "34.123.62.104",
                    "network_tier": "PREMIUM",
                    "public_ptr_domain_name": ""
                  }
                ],
                "alias_ip_range": [],
                "name": "nic0",
                "network": "https://www.googleapis.com/compute/v1/projects/my-12345-project/global/networks/prometheus-vpc",
                "network_ip": "10.1.1.3",
                "nic_type": "",
                "subnetwork": "https://www.googleapis.com/compute/v1/projects/my-12345-project/regions/us-central1/subnetworks/public-subnet",
                "subnetwork_project": "my-12345-project"
              }
            ],
            "project": "my-12345-project",
            "resource_policies": null,
            "scheduling": [
              {
                "automatic_restart": true,
                "min_node_cpus": 0,
                "node_affinities": [],
                "on_host_maintenance": "MIGRATE",
                "preemptible": false
              }
            ],
            "scratch_disk": [],
            "self_link": "https://www.googleapis.com/compute/v1/projects/my-12345-project/zones/us-central1-c/instances/prometheus-agent",
            "service_account": [],
            "shielded_instance_config": [
              {
                "enable_integrity_monitoring": true,
                "enable_secure_boot": false,
                "enable_vtpm": true
              }
            ],
            "tags": null,
            "tags_fingerprint": "42WmSpB8rSM=",
            "timeouts": null,
            "zone": "us-central1-c"
          },
          "sensitive_attributes": [],
          "private": "eyJlMmJmYjczMC1lY2FhLTExZTYtOGY4OC0zNDM2M2JjN2M0YzAiOnsiY3JlYXRlIjoxMjAwMDAwMDAwMDAwLCJkZWxldGUiOjEyMDAwMDAwMDAwMDAsInVwZGF0ZSI6MTIwMDAwMDAwMDAwMH0sInNjaGVtYV92ZXJzaW9uIjoiNiJ9",
          "dependencies": [
            "google_compute_network.vpc",
            "google_compute_subnetwork.public"
          ]
        }
      ]
    },
    {
      "mode": "managed",
      "type": "google_compute_instance",
      "name": "server",
      "provider": "provider[\"registry.terraform.io/hashicorp/google\"]",
      "instances": [
        {
          "schema_version": 6,
          "attributes": {
            "allow_stopping_for_update": null,
            "attached_disk": [],
            "boot_disk": [
              {
                "auto_delete": true,
                "device_name": "persistent-disk-0",
                "disk_encryption_key_raw": "",
                "disk_encryption_key_sha256": "",
                "initialize_params": [
                  {
                    "image": "https://www.googleapis.com/compute/v1/projects/centos-cloud/global/images/centos-7-v20210401",
                    "labels": {},
                    "size": 35,
                    "type": "pd-ssd"
                  }
                ],
                "kms_key_self_link": "",
                "mode": "READ_WRITE",
                "source": "https://www.googleapis.com/compute/v1/projects/my-12345-project/zones/us-central1-c/disks/prometheus-server"
              }
            ],
            "can_ip_forward": false,
            "confidential_instance_config": [],
            "cpu_platform": "Intel Haswell",
            "current_status": "RUNNING",
            "deletion_protection": false,
            "description": "",
            "desired_status": null,
            "enable_display": false,
            "guest_accelerator": [],
            "hostname": "",
            "id": "projects/my-12345-project/zones/us-central1-c/instances/prometheus-server",
            "instance_id": "1943134063649147494",
            "label_fingerprint": "42WmSpB8rSM=",
            "labels": null,
            "machine_type": "n1-standard-1",
            "metadata": null,
            "metadata_fingerprint": "9ch918MB5jc=",
            "metadata_startup_script": "#!/bin/bash\n#Variables\nhomedir=\"/home/prometheus\"\nnode_ip=\"10.1.1.3:9100\"\nurl=\"http://`curl v4.ifconfig.co`:9090\"\nchange=\"{DS_PROMETHEUS}\"\n\n#install docker and docker-compose\nsudo yum install -y yum-utils\nsudo yum-config-manager \\\n    --add-repo \\\n    https://download.docker.com/linux/centos/docker-ce.repo\nsudo yum install -y docker-ce docker-ce-cli containerd.io docker-compose\nsudo systemctl enable docker\nsudo systemctl start docker \n\n#create home directory for prometheus \nsudo mkdir $homedir\n#create docker-compose file, thats will crete container with prometheus,alertmanager,grafana \u0026 blackbox\nsudo tee $homedir/docker-compose.yml \u003c\u003cEOF\nversion: '3'\nvolumes:\n    prometheus_data: {}\n    grafana_data: {}\nservices:\n  prometheus:\n    image: prom/prometheus:latest\n    volumes:\n      - ./prometheus/:/etc/prometheus/\n      - prometheus_data:/prometheus\n    command:\n      - '--config.file=/etc/prometheus/prometheus.yml'\n      - '--storage.tsdb.path=/prometheus'\n      - '--web.console.libraries=/usr/share/prometheus/console_libraries'\n      - '--web.console.templates=/usr/share/prometheus/consoles'\n    ports:\n      - 9090:9090\n    links:\n      - alertmanager:alertmanager\n      - blackbox-exporter:blackbox-exporter\n    restart: always\n#    deploy:\n#      placement:\n#        constraints:\n#          - node.hostname == prometheus\n#  node-exporter:\n#    image: prom/node-exporter\n#    volumes:\n#      - /proc:/host/proc:ro\n#      - /sys:/host/sys:ro\n#      - /:/rootfs:ro\n#    command: \n#      - '--path.procfs=/host/proc' \n#      - '--path.sysfs=/host/sys'\n#      - --collector.filesystem.ignored-mount-points\n#            - \"^/(sys|proc|dev|host|etc|rootfs/var/lib/docker/containers|rootfs/var/lib/docker/overlay2|rootfs/run/docker/netns|rootfs/var/lib/docker/aufs)(1321|/)\"\n#    ports:\n#      - 9100:9100\n#    restart: always\n#    deploy:\n#      mode: global\n\n  alertmanager:\n    image: prom/alertmanager\n    ports:\n      - 9093:9093\n    volumes:\n      - ./alertmanager/:/etc/alertmanager/\n    restart: always\n    command:\n      - '--config.file=/etc/alertmanager/config.yml'\n      - '--storage.path=/alertmanager'\n#    deploy:\n#      placement:\n#        constraints:\n#          - node.hostname == prometheus\n  grafana:\n    image: grafana/grafana\n    user: \"472\"\n    depends_on:\n      - prometheus\n    ports:\n      - 3000:3000\n    volumes:\n      - grafana_data:/var/lib/grafana\n      - ./grafana/provisioning/:/etc/grafana/provisioning/\n    restart: always\n\n  blackbox-exporter:\n   image: prom/blackbox-exporter\n   container_name: blackbox\n   restart: unless-stopped\n   ports:\n     - \"9115:9115\"\nEOF\n\n#create folders for configs\nsudo mkdir $homedir/prometheus\nsudo mkdir $homedir/alertmanager\nsudo mkdir -p $homedir/grafana/provisioning\n\n#create prometheus config\nsudo tee $homedir/prometheus/prometheus.yml \u003c\u003cEOF\n# my global config\nrule_files:\n  - 'alert.rules'\nalerting:\n  alertmanagers:\n  - scheme: http\n    static_configs:\n    - targets:\n      - \"alertmanager:9093\"\nscrape_configs:\n  - job_name: node\n    static_configs:\n         - targets: ['$node_ip']\n\n  - job_name: 'blackbox_web'\n    metrics_path: /probe\n    params:\n      module: [http_2xx]\n    static_configs:\n      - targets:\n          - https://onliner.by\n    relabel_configs:\n      - source_labels: [__address__]\n        target_label: __param_target\n      - source_labels: [__param_target]\n        target_label: instance\n      - source_labels: []\n        regex: .*\n        target_label: __address__\n        replacement: blackbox-exporter:9115\nEOF\n\n#create alert rule\nsudo tee $homedir/prometheus/alert.rules \u003c\u003cEOF\ngroups:\n- name: example\n  rules:\n\n  # Alert for any instance that is unreachable for \u003e2 minutes.\n  - alert: service_down\n    expr: up == 0\n    for: 2m\n    labels:\n      severity: page\n    annotations:\n      summary: \"Instance {{ \\$labels.instance }} down\"\n      description: \"{{ \\$labels.instance }} of job {{ \\$labels.job }} has been down for more than 2 minutes.\"\n\n  - alert: high_load\n    expr: node_load1 \u003e 0.5\n    for: 2m\n    labels:\n      severity: page\n    annotations:\n      summary: \"Instance {{ \\$labels.instance }} under high load\"\n      description: \"{{ \\$labels.instance }} of job {{ \\$labels.job }} is under high load.\"\nEOF\n\n#create alertmanager config\nsudo tee $homedir/alertmanager/config.yml \u003c\u003cEOF\n route:\n     receiver: 'slack'\n\n receivers:\n     - name: 'slack'\n#       slack_configs:\n#           - send_resolved: true\n#             username: '\u003cusername\u003e'\n#             channel: '#\u003cchannel-name\u003e'\n#             api_url: '\u003cincomming-webhook-url\u003e'\nEOF\n\n#create folders for creating datasources and dashboards\nsudo mkdir $homedir/grafana/provisioning/dashboards\nsudo mkdir $homedir/grafana/provisioning/datasources\n\n#create datasource   \nsudo tee $homedir/grafana/provisioning/datasources/datasource.yml \u003c\u003cEOF\napiVersion: 1\ndeleteDatasources:\n  - name: Prometheus\ndatasources:\n- name: Prometheus\n  type: prometheus\n  access: proxy\n  url: $url\n  basicAuth: false\n  isDefault: true\n  editable: true\nEOF\n\n#config dashboards\nsudo tee $homedir/grafana/provisioning/dashboards/dashboard.yaml \u003c\u003cEOF\napiVersion: 1\n\nproviders:\n- name: \"Prometheus\"\n  orgId: 1\n  folder: ''\n  type: file\n  disableDeletion: false\n  editable: true\n  options:\n    path: /etc/grafana/provisioning/dashboards\nEOF\n\n#download and install dashboards\nsudo curl -o $homedir/grafana/provisioning/dashboards/linux.json https://grafana.com/api/dashboards/10180/revisions/1/download\nsudo curl -o $homedir/grafana/provisioning/dashboards/http.json https://grafana.com/api/dashboards/4859/revisions/1/download\nsudo sed -i \"s/\\$$change/Prometheus/g\" $homedir/grafana/provisioning/dashboards/*.json \n\n#docker up\nsudo docker-compose -f $homedir/docker-compose.yml up -d",
            "min_cpu_platform": "",
            "name": "prometheus-server",
            "network_interface": [
              {
                "access_config": [
                  {
                    "nat_ip": "34.121.140.29",
                    "network_tier": "PREMIUM",
                    "public_ptr_domain_name": ""
                  }
                ],
                "alias_ip_range": [],
                "name": "nic0",
                "network": "https://www.googleapis.com/compute/v1/projects/my-12345-project/global/networks/prometheus-vpc",
                "network_ip": "10.1.1.2",
                "nic_type": "",
                "subnetwork": "https://www.googleapis.com/compute/v1/projects/my-12345-project/regions/us-central1/subnetworks/public-subnet",
                "subnetwork_project": "my-12345-project"
              }
            ],
            "project": "my-12345-project",
            "resource_policies": null,
            "scheduling": [
              {
                "automatic_restart": true,
                "min_node_cpus": 0,
                "node_affinities": [],
                "on_host_maintenance": "MIGRATE",
                "preemptible": false
              }
            ],
            "scratch_disk": [],
            "self_link": "https://www.googleapis.com/compute/v1/projects/my-12345-project/zones/us-central1-c/instances/prometheus-server",
            "service_account": [],
            "shielded_instance_config": [
              {
                "enable_integrity_monitoring": true,
                "enable_secure_boot": false,
                "enable_vtpm": true
              }
            ],
            "tags": null,
            "tags_fingerprint": "42WmSpB8rSM=",
            "timeouts": null,
            "zone": "us-central1-c"
          },
          "sensitive_attributes": [],
          "private": "eyJlMmJmYjczMC1lY2FhLTExZTYtOGY4OC0zNDM2M2JjN2M0YzAiOnsiY3JlYXRlIjoxMjAwMDAwMDAwMDAwLCJkZWxldGUiOjEyMDAwMDAwMDAwMDAsInVwZGF0ZSI6MTIwMDAwMDAwMDAwMH0sInNjaGVtYV92ZXJzaW9uIjoiNiJ9",
          "dependencies": [
            "google_compute_address.internal_server_address",
            "google_compute_instance.agent",
            "google_compute_network.vpc",
            "google_compute_subnetwork.public"
          ]
        }
      ]
    },
    {
      "mode": "managed",
      "type": "google_compute_network",
      "name": "vpc",
      "provider": "provider[\"registry.terraform.io/hashicorp/google\"]",
      "instances": [
        {
          "schema_version": 0,
          "attributes": {
            "auto_create_subnetworks": false,
            "delete_default_routes_on_create": false,
            "description": "",
            "gateway_ipv4": "",
            "id": "projects/my-12345-project/global/networks/prometheus-vpc",
            "mtu": 0,
            "name": "prometheus-vpc",
            "project": "my-12345-project",
            "routing_mode": "REGIONAL",
            "self_link": "https://www.googleapis.com/compute/v1/projects/my-12345-project/global/networks/prometheus-vpc",
            "timeouts": null
          },
          "sensitive_attributes": [],
          "private": "eyJlMmJmYjczMC1lY2FhLTExZTYtOGY4OC0zNDM2M2JjN2M0YzAiOnsiY3JlYXRlIjoyNDAwMDAwMDAwMDAsImRlbGV0ZSI6MjQwMDAwMDAwMDAwLCJ1cGRhdGUiOjI0MDAwMDAwMDAwMH19"
        }
      ]
    },
    {
      "mode": "managed",
      "type": "google_compute_subnetwork",
      "name": "public",
      "provider": "provider[\"registry.terraform.io/hashicorp/google\"]",
      "instances": [
        {
          "schema_version": 0,
          "attributes": {
            "creation_timestamp": "2021-04-04T01:10:22.799-07:00",
            "description": "",
            "fingerprint": null,
            "gateway_address": "10.1.1.1",
            "id": "projects/my-12345-project/regions/us-central1/subnetworks/public-subnet",
            "ip_cidr_range": "10.1.1.0/24",
            "log_config": [],
            "name": "public-subnet",
            "network": "https://www.googleapis.com/compute/v1/projects/my-12345-project/global/networks/prometheus-vpc",
            "private_ip_google_access": false,
            "private_ipv6_google_access": "DISABLE_GOOGLE_ACCESS",
            "project": "my-12345-project",
            "region": "us-central1",
            "secondary_ip_range": [],
            "self_link": "https://www.googleapis.com/compute/v1/projects/my-12345-project/regions/us-central1/subnetworks/public-subnet",
            "timeouts": null
          },
          "sensitive_attributes": [],
          "private": "eyJlMmJmYjczMC1lY2FhLTExZTYtOGY4OC0zNDM2M2JjN2M0YzAiOnsiY3JlYXRlIjozNjAwMDAwMDAwMDAsImRlbGV0ZSI6MzYwMDAwMDAwMDAwLCJ1cGRhdGUiOjM2MDAwMDAwMDAwMH19",
          "dependencies": [
            "google_compute_network.vpc"
          ]
        }
      ]
    }
  ]
}
