{
  "version": 4,
  "terraform_version": "0.14.6",
  "serial": 8,
  "lineage": "70077eea-9046-2d08-fd16-19b65f47dae8",
  "outputs": {
    "Datadog": {
      "value": "34.67.127.86",
      "type": "string"
    }
  },
  "resources": [
    {
      "mode": "managed",
      "type": "datadog_monitor",
      "name": "dog-monitor",
      "provider": "provider[\"registry.terraform.io/terraform-providers/datadog\"]",
      "instances": [
        {
          "schema_version": 0,
          "attributes": {
            "enable_logs_sample": null,
            "escalation_message": "",
            "evaluation_delay": 0,
            "force_delete": null,
            "groupby_simple_monitor": null,
            "id": "33282104",
            "include_tags": true,
            "locked": false,
            "message": "Monitor triggered. Notify: redhawkmail@gmail.com",
            "monitor_threshold_windows": [],
            "monitor_thresholds": [],
            "name": "test-dog-monitor",
            "new_host_delay": 300,
            "no_data_timeframe": 0,
            "notify_audit": false,
            "notify_no_data": false,
            "priority": 0,
            "query": "sum(last_5m):avg:datadog.agent.started{http-server} by {host}.as_count() \u003c 1",
            "renotify_interval": 0,
            "require_full_window": true,
            "restricted_roles": null,
            "silenced": null,
            "tags": null,
            "threshold_windows": null,
            "thresholds": null,
            "timeout_h": 0,
            "type": "query alert",
            "validate": null
          },
          "sensitive_attributes": [],
          "private": "bnVsbA==",
          "dependencies": [
            "google_compute_address.datadog_server_address",
            "google_compute_instance.datadog_instance",
            "google_compute_network.vpc_net",
            "google_compute_subnetwork.vpc_subnet_public"
          ]
        }
      ]
    },
    {
      "mode": "managed",
      "type": "google_compute_address",
      "name": "datadog_server_address",
      "provider": "provider[\"registry.terraform.io/hashicorp/google\"]",
      "instances": [
        {
          "schema_version": 0,
          "attributes": {
            "address": "10.6.1.2",
            "address_type": "INTERNAL",
            "creation_timestamp": "2021-04-03T05:38:07.324-07:00",
            "description": "",
            "id": "projects/my-12345-project/regions/us-central1/addresses/name-datadog-server-address",
            "name": "name-datadog-server-address",
            "network_tier": "PREMIUM",
            "project": "my-12345-project",
            "purpose": "GCE_ENDPOINT",
            "region": "us-central1",
            "self_link": "https://www.googleapis.com/compute/v1/projects/my-12345-project/regions/us-central1/addresses/name-datadog-server-address",
            "subnetwork": "https://www.googleapis.com/compute/v1/projects/my-12345-project/regions/us-central1/subnetworks/name-vpc-subnet-public",
            "timeouts": null,
            "users": []
          },
          "sensitive_attributes": [],
          "private": "eyJlMmJmYjczMC1lY2FhLTExZTYtOGY4OC0zNDM2M2JjN2M0YzAiOnsiY3JlYXRlIjoyNDAwMDAwMDAwMDAsImRlbGV0ZSI6MjQwMDAwMDAwMDAwfX0=",
          "dependencies": [
            "google_compute_network.vpc_net",
            "google_compute_subnetwork.vpc_subnet_public"
          ]
        }
      ]
    },
    {
      "mode": "managed",
      "type": "google_compute_firewall",
      "name": "external-firewall",
      "provider": "provider[\"registry.terraform.io/hashicorp/google\"]",
      "instances": [
        {
          "schema_version": 1,
          "attributes": {
            "allow": [
              {
                "ports": [
                  "22",
                  "80",
                  "8080"
                ],
                "protocol": "tcp"
              }
            ],
            "creation_timestamp": "2021-04-03T05:37:44.626-07:00",
            "deny": [],
            "description": "",
            "destination_ranges": [],
            "direction": "INGRESS",
            "disabled": false,
            "enable_logging": null,
            "id": "projects/my-12345-project/global/firewalls/name-external-rule",
            "log_config": [],
            "name": "name-external-rule",
            "network": "https://www.googleapis.com/compute/v1/projects/my-12345-project/global/networks/name-vpc",
            "priority": 1000,
            "project": "my-12345-project",
            "self_link": "https://www.googleapis.com/compute/v1/projects/my-12345-project/global/firewalls/name-external-rule",
            "source_ranges": [
              "0.0.0.0/0"
            ],
            "source_service_accounts": null,
            "source_tags": null,
            "target_service_accounts": null,
            "target_tags": null,
            "timeouts": null
          },
          "sensitive_attributes": [],
          "private": "eyJlMmJmYjczMC1lY2FhLTExZTYtOGY4OC0zNDM2M2JjN2M0YzAiOnsiY3JlYXRlIjoyNDAwMDAwMDAwMDAsImRlbGV0ZSI6MjQwMDAwMDAwMDAwLCJ1cGRhdGUiOjI0MDAwMDAwMDAwMH0sInNjaGVtYV92ZXJzaW9uIjoiMSJ9",
          "dependencies": [
            "google_compute_network.vpc_net"
          ]
        }
      ]
    },
    {
      "mode": "managed",
      "type": "google_compute_firewall",
      "name": "internal-firewall",
      "provider": "provider[\"registry.terraform.io/hashicorp/google\"]",
      "instances": [
        {
          "schema_version": 1,
          "attributes": {
            "allow": [
              {
                "ports": [
                  "0-65535"
                ],
                "protocol": "tcp"
              },
              {
                "ports": [
                  "0-65535"
                ],
                "protocol": "udp"
              },
              {
                "ports": [],
                "protocol": "icmp"
              }
            ],
            "creation_timestamp": "2021-04-03T05:37:44.345-07:00",
            "deny": [],
            "description": "",
            "destination_ranges": [],
            "direction": "INGRESS",
            "disabled": false,
            "enable_logging": null,
            "id": "projects/my-12345-project/global/firewalls/name-internal-rule",
            "log_config": [],
            "name": "name-internal-rule",
            "network": "https://www.googleapis.com/compute/v1/projects/my-12345-project/global/networks/name-vpc",
            "priority": 1000,
            "project": "my-12345-project",
            "self_link": "https://www.googleapis.com/compute/v1/projects/my-12345-project/global/firewalls/name-internal-rule",
            "source_ranges": [
              "10.6.1.0/24"
            ],
            "source_service_accounts": null,
            "source_tags": null,
            "target_service_accounts": null,
            "target_tags": null,
            "timeouts": null
          },
          "sensitive_attributes": [],
          "private": "eyJlMmJmYjczMC1lY2FhLTExZTYtOGY4OC0zNDM2M2JjN2M0YzAiOnsiY3JlYXRlIjoyNDAwMDAwMDAwMDAsImRlbGV0ZSI6MjQwMDAwMDAwMDAwLCJ1cGRhdGUiOjI0MDAwMDAwMDAwMH0sInNjaGVtYV92ZXJzaW9uIjoiMSJ9",
          "dependencies": [
            "google_compute_network.vpc_net"
          ]
        }
      ]
    },
    {
      "mode": "managed",
      "type": "google_compute_instance",
      "name": "datadog_instance",
      "provider": "provider[\"registry.terraform.io/hashicorp/google\"]",
      "instances": [
        {
          "schema_version": 6,
          "attributes": {
            "allow_stopping_for_update": null,
            "attached_disk": [],
            "boot_disk": [
              {
                "auto_delete": true,
                "device_name": "persistent-disk-0",
                "disk_encryption_key_raw": "",
                "disk_encryption_key_sha256": "",
                "initialize_params": [
                  {
                    "image": "https://www.googleapis.com/compute/v1/projects/centos-cloud/global/images/centos-7-v20210401",
                    "labels": {},
                    "size": 20,
                    "type": "pd-standard"
                  }
                ],
                "kms_key_self_link": "",
                "mode": "READ_WRITE",
                "source": "https://www.googleapis.com/compute/v1/projects/my-12345-project/zones/us-central1-c/disks/name-datadog-server-instance"
              }
            ],
            "can_ip_forward": false,
            "confidential_instance_config": [],
            "cpu_platform": "Intel Haswell",
            "current_status": "RUNNING",
            "deletion_protection": false,
            "description": "",
            "desired_status": null,
            "enable_display": false,
            "guest_accelerator": [],
            "hostname": "",
            "id": "projects/my-12345-project/zones/us-central1-c/instances/name-datadog-server-instance",
            "instance_id": "2771960364051849043",
            "label_fingerprint": "42WmSpB8rSM=",
            "labels": null,
            "machine_type": "n1-standard-1",
            "metadata": {
              "ssh-keys": "redhawkby:ssh-rsa AAAAB3NzaC1yc2EAAAADAQABAAABgQC/B+C0g+PPxgCuSxxc4V8jbOEoMwekeiWLgK2HUCRHYGnaOZASZ6kNHMNIZ2WfHJsO5ugUrN0YTGQsJujs/2Ehk/PT52FEEJ8lPQfuR5LoU+SQvs6Ki5AFTF3S5IOfocxG9x9mdwtxeRcJm9sJyINqGefjzdhRcO85h1F2w7tViZGl6gNI1W8dqsYRYL3XOsVFL/k6r6EWW8EHki7AoOBhqZyiiUCxV0npqP4bJUHHeaVWteoKmDor/51kTFBZkbL4u8XDM7PDC8bKOOL60TnD4dPNaSm1xQYQWpNUg6jRJ6HcUWIe9s/Yra3Lwa9Wo97aJMdnEk367la3UpszvyPyayX/nTkuFYy6wnRoxHLl0SKpsltB0DJy9Yyl0Y3uZ3fnB0LnvaPgNQ3H6DB5tbUHewCF2Z+4V9YTeGIpTkuqJ2A3iD7nVv841d+avEPgKzwTUm4gDO1HVezY5Ps6FHOveRyRZFaRRuJH2ahToNnc+VZSasUQR1GZ1RUXwOK1CK0= user@us-vb\n"
            },
            "metadata_fingerprint": "rVLWOZhIe9c=",
            "metadata_startup_script": "#!/bin/bash\n\n#---  turn off selinux and firewalld !important\nsudo systemctl stop firewalld\nsudo systemctl disable firewalld\n\nsudo setenforce 0\nsudo sed -i 's/enforcing/disabled/g' /etc/selinux/config\n\nsudo DD_AGENT_MAJOR_VERSION=7 DD_API_KEY=$API_KEY DD_SITE=\"datadoghq.com\" bash -c \"$(curl -L https://s3.amazonaws.com/dd-agent/scripts/install_script.sh)\"\n\n#--- enable logging in datadog agent\nsudo sed -i '/logs_enabled/a logs_enabled: true' /etc/datadog-agent/datadog.yaml\n\n#--- set new web monitoring\ncat \u003c\u003c SCRIPT | sudo tee /etc/datadog-agent/conf.d/http_check.d/conf.yaml\ninstances:\n  - name: onliner.by\n    url: https://www.onliner.by/\nSCRIPT\n\n#--- set new config for log agent in DataDog\n\nsudo mkdir /etc/datadog-agent/conf.d/logs.d\nsudo chown dd-agent:dd-agent -R /etc/datadog-agent/conf.d/logs.d/\n\ncat \u003c\u003c SCRIPT | sudo tee /etc/datadog-agent/conf.d/logs.d/conf.yaml\nlogs:\n  - type: file\n    path: /var/log/tomcat/*\n    service: tomcat\n    source: tomcat\nSCRIPT\n\nsudo systemctl restart datadog-agent\nsudo systemctl enable datadog-agent\n\nsudo yum install -y tomcat tomcat-webapps tomcat-admin-webapps\nsudo sed -i '/\u003c\\/tomcat-users\u003e/i \u003cuser name=\"admin\" password=\"12345678\" roles=\"admin,manager,admin-gui,manager-gui,manager-status\" \\/\u003e' /etc/tomcat/tomcat-users.xml\n\nsudo chmod -R 775 /var/log/tomcat\nsudo systemctl enable tomcat\nsudo systemctl restart tomcat\n",
            "min_cpu_platform": "",
            "name": "name-datadog-server-instance",
            "network_interface": [
              {
                "access_config": [
                  {
                    "nat_ip": "34.67.127.86",
                    "network_tier": "PREMIUM",
                    "public_ptr_domain_name": ""
                  }
                ],
                "alias_ip_range": [],
                "name": "nic0",
                "network": "https://www.googleapis.com/compute/v1/projects/my-12345-project/global/networks/name-vpc",
                "network_ip": "10.6.1.2",
                "nic_type": "",
                "subnetwork": "https://www.googleapis.com/compute/v1/projects/my-12345-project/regions/us-central1/subnetworks/name-vpc-subnet-public",
                "subnetwork_project": "my-12345-project"
              }
            ],
            "project": "my-12345-project",
            "resource_policies": null,
            "scheduling": [
              {
                "automatic_restart": true,
                "min_node_cpus": 0,
                "node_affinities": [],
                "on_host_maintenance": "MIGRATE",
                "preemptible": false
              }
            ],
            "scratch_disk": [],
            "self_link": "https://www.googleapis.com/compute/v1/projects/my-12345-project/zones/us-central1-c/instances/name-datadog-server-instance",
            "service_account": [],
            "shielded_instance_config": [
              {
                "enable_integrity_monitoring": true,
                "enable_secure_boot": false,
                "enable_vtpm": true
              }
            ],
            "tags": null,
            "tags_fingerprint": "42WmSpB8rSM=",
            "timeouts": null,
            "zone": "us-central1-c"
          },
          "sensitive_attributes": [],
          "private": "eyJlMmJmYjczMC1lY2FhLTExZTYtOGY4OC0zNDM2M2JjN2M0YzAiOnsiY3JlYXRlIjoxMjAwMDAwMDAwMDAwLCJkZWxldGUiOjEyMDAwMDAwMDAwMDAsInVwZGF0ZSI6MTIwMDAwMDAwMDAwMH0sInNjaGVtYV92ZXJzaW9uIjoiNiJ9",
          "dependencies": [
            "google_compute_address.datadog_server_address",
            "google_compute_network.vpc_net",
            "google_compute_subnetwork.vpc_subnet_public"
          ]
        }
      ]
    },
    {
      "mode": "managed",
      "type": "google_compute_network",
      "name": "vpc_net",
      "provider": "provider[\"registry.terraform.io/hashicorp/google\"]",
      "instances": [
        {
          "schema_version": 0,
          "attributes": {
            "auto_create_subnetworks": false,
            "delete_default_routes_on_create": false,
            "description": "",
            "gateway_ipv4": "",
            "id": "projects/my-12345-project/global/networks/name-vpc",
            "mtu": 0,
            "name": "name-vpc",
            "project": "my-12345-project",
            "routing_mode": "REGIONAL",
            "self_link": "https://www.googleapis.com/compute/v1/projects/my-12345-project/global/networks/name-vpc",
            "timeouts": null
          },
          "sensitive_attributes": [],
          "private": "eyJlMmJmYjczMC1lY2FhLTExZTYtOGY4OC0zNDM2M2JjN2M0YzAiOnsiY3JlYXRlIjoyNDAwMDAwMDAwMDAsImRlbGV0ZSI6MjQwMDAwMDAwMDAwLCJ1cGRhdGUiOjI0MDAwMDAwMDAwMH19"
        }
      ]
    },
    {
      "mode": "managed",
      "type": "google_compute_subnetwork",
      "name": "vpc_subnet_public",
      "provider": "provider[\"registry.terraform.io/hashicorp/google\"]",
      "instances": [
        {
          "schema_version": 0,
          "attributes": {
            "creation_timestamp": "2021-04-03T05:37:44.524-07:00",
            "description": "",
            "fingerprint": null,
            "gateway_address": "10.6.1.1",
            "id": "projects/my-12345-project/regions/us-central1/subnetworks/name-vpc-subnet-public",
            "ip_cidr_range": "10.6.1.0/24",
            "log_config": [],
            "name": "name-vpc-subnet-public",
            "network": "https://www.googleapis.com/compute/v1/projects/my-12345-project/global/networks/name-vpc",
            "private_ip_google_access": false,
            "private_ipv6_google_access": "DISABLE_GOOGLE_ACCESS",
            "project": "my-12345-project",
            "region": "us-central1",
            "secondary_ip_range": [],
            "self_link": "https://www.googleapis.com/compute/v1/projects/my-12345-project/regions/us-central1/subnetworks/name-vpc-subnet-public",
            "timeouts": null
          },
          "sensitive_attributes": [],
          "private": "eyJlMmJmYjczMC1lY2FhLTExZTYtOGY4OC0zNDM2M2JjN2M0YzAiOnsiY3JlYXRlIjozNjAwMDAwMDAwMDAsImRlbGV0ZSI6MzYwMDAwMDAwMDAwLCJ1cGRhdGUiOjM2MDAwMDAwMDAwMH19",
          "dependencies": [
            "google_compute_network.vpc_net"
          ]
        }
      ]
    }
  ]
}
